// !$*UTF8*$!
{
	archiveVersion = 1;
	classes = {
	};
	objectVersion = 46;
	objects = {

/* Begin PBXBuildFile section */
		1A5A64C61A0B389700FB00F4 /* Foundation.framework in Frameworks */ = {isa = PBXBuildFile; fileRef = 1A5A64C51A0B389700FB00F4 /* Foundation.framework */; };
		1A5A64C81A0B389700FB00F4 /* CoreGraphics.framework in Frameworks */ = {isa = PBXBuildFile; fileRef = 1A5A64C71A0B389700FB00F4 /* CoreGraphics.framework */; };
		1A5A64CA1A0B389700FB00F4 /* UIKit.framework in Frameworks */ = {isa = PBXBuildFile; fileRef = 1A5A64C91A0B389700FB00F4 /* UIKit.framework */; };
		1A5A64D01A0B389700FB00F4 /* InfoPlist.strings in Resources */ = {isa = PBXBuildFile; fileRef = 1A5A64CE1A0B389700FB00F4 /* InfoPlist.strings */; };
		1A5A64D21A0B389700FB00F4 /* main.m in Sources */ = {isa = PBXBuildFile; fileRef = 1A5A64D11A0B389700FB00F4 /* main.m */; };
		1A5A64D61A0B389700FB00F4 /* Workout_DiaryAppDelegate.m in Sources */ = {isa = PBXBuildFile; fileRef = 1A5A64D51A0B389700FB00F4 /* Workout_DiaryAppDelegate.m */; };
		1A5A64D91A0B389700FB00F4 /* Main.storyboard in Resources */ = {isa = PBXBuildFile; fileRef = 1A5A64D71A0B389700FB00F4 /* Main.storyboard */; };
		1A5A64DC1A0B389700FB00F4 /* Workout_DiaryFirstViewController.m in Sources */ = {isa = PBXBuildFile; fileRef = 1A5A64DB1A0B389700FB00F4 /* Workout_DiaryFirstViewController.m */; };
		1A5A64DF1A0B389700FB00F4 /* Workout_DiarySecondViewController.m in Sources */ = {isa = PBXBuildFile; fileRef = 1A5A64DE1A0B389700FB00F4 /* Workout_DiarySecondViewController.m */; };
		1A5A64E11A0B389700FB00F4 /* Images.xcassets in Resources */ = {isa = PBXBuildFile; fileRef = 1A5A64E01A0B389700FB00F4 /* Images.xcassets */; };
		1A5A64E81A0B389800FB00F4 /* XCTest.framework in Frameworks */ = {isa = PBXBuildFile; fileRef = 1A5A64E71A0B389800FB00F4 /* XCTest.framework */; };
		1A5A64E91A0B389800FB00F4 /* Foundation.framework in Frameworks */ = {isa = PBXBuildFile; fileRef = 1A5A64C51A0B389700FB00F4 /* Foundation.framework */; };
		1A5A64EA1A0B389800FB00F4 /* UIKit.framework in Frameworks */ = {isa = PBXBuildFile; fileRef = 1A5A64C91A0B389700FB00F4 /* UIKit.framework */; };
		1A5A64F21A0B389800FB00F4 /* InfoPlist.strings in Resources */ = {isa = PBXBuildFile; fileRef = 1A5A64F01A0B389800FB00F4 /* InfoPlist.strings */; };
		1A5A64F41A0B389800FB00F4 /* WorkoutDiaryAppTests.m in Sources */ = {isa = PBXBuildFile; fileRef = 1A5A64F31A0B389800FB00F4 /* WorkoutDiaryAppTests.m */; };
/* End PBXBuildFile section */

/* Begin PBXContainerItemProxy section */
		1A5A64EB1A0B389800FB00F4 /* PBXContainerItemProxy */ = {
			isa = PBXContainerItemProxy;
			containerPortal = 1A5A64BA1A0B389700FB00F4 /* Project object */;
			proxyType = 1;
			remoteGlobalIDString = 1A5A64C11A0B389700FB00F4;
			remoteInfo = WorkoutDiaryApp;
		};
/* End PBXContainerItemProxy section */

/* Begin PBXFileReference section */
		1A5A64C21A0B389700FB00F4 /* WorkoutDiaryApp.app */ = {isa = PBXFileReference; explicitFileType = wrapper.application; includeInIndex = 0; path = WorkoutDiaryApp.app; sourceTree = BUILT_PRODUCTS_DIR; };
		1A5A64C51A0B389700FB00F4 /* Foundation.framework */ = {isa = PBXFileReference; lastKnownFileType = wrapper.framework; name = Foundation.framework; path = System/Library/Frameworks/Foundation.framework; sourceTree = SDKROOT; };
		1A5A64C71A0B389700FB00F4 /* CoreGraphics.framework */ = {isa = PBXFileReference; lastKnownFileType = wrapper.framework; name = CoreGraphics.framework; path = System/Library/Frameworks/CoreGraphics.framework; sourceTree = SDKROOT; };
		1A5A64C91A0B389700FB00F4 /* UIKit.framework */ = {isa = PBXFileReference; lastKnownFileType = wrapper.framework; name = UIKit.framework; path = System/Library/Frameworks/UIKit.framework; sourceTree = SDKROOT; };
		1A5A64CD1A0B389700FB00F4 /* WorkoutDiaryApp-Info.plist */ = {isa = PBXFileReference; lastKnownFileType = text.plist.xml; path = "WorkoutDiaryApp-Info.plist"; sourceTree = "<group>"; };
		1A5A64CF1A0B389700FB00F4 /* en */ = {isa = PBXFileReference; lastKnownFileType = text.plist.strings; name = en; path = en.lproj/InfoPlist.strings; sourceTree = "<group>"; };
		1A5A64D11A0B389700FB00F4 /* main.m */ = {isa = PBXFileReference; lastKnownFileType = sourcecode.c.objc; path = main.m; sourceTree = "<group>"; };
		1A5A64D31A0B389700FB00F4 /* WorkoutDiaryApp-Prefix.pch */ = {isa = PBXFileReference; lastKnownFileType = sourcecode.c.h; path = "WorkoutDiaryApp-Prefix.pch"; sourceTree = "<group>"; };
		1A5A64D41A0B389700FB00F4 /* Workout_DiaryAppDelegate.h */ = {isa = PBXFileReference; lastKnownFileType = sourcecode.c.h; path = Workout_DiaryAppDelegate.h; sourceTree = "<group>"; };
		1A5A64D51A0B389700FB00F4 /* Workout_DiaryAppDelegate.m */ = {isa = PBXFileReference; lastKnownFileType = sourcecode.c.objc; path = Workout_DiaryAppDelegate.m; sourceTree = "<group>"; };
		1A5A64D81A0B389700FB00F4 /* Base */ = {isa = PBXFileReference; lastKnownFileType = file.storyboard; name = Base; path = Base.lproj/Main.storyboard; sourceTree = "<group>"; };
		1A5A64DA1A0B389700FB00F4 /* Workout_DiaryFirstViewController.h */ = {isa = PBXFileReference; lastKnownFileType = sourcecode.c.h; path = Workout_DiaryFirstViewController.h; sourceTree = "<group>"; };
		1A5A64DB1A0B389700FB00F4 /* Workout_DiaryFirstViewController.m */ = {isa = PBXFileReference; lastKnownFileType = sourcecode.c.objc; path = Workout_DiaryFirstViewController.m; sourceTree = "<group>"; };
		1A5A64DD1A0B389700FB00F4 /* Workout_DiarySecondViewController.h */ = {isa = PBXFileReference; lastKnownFileType = sourcecode.c.h; path = Workout_DiarySecondViewController.h; sourceTree = "<group>"; };
		1A5A64DE1A0B389700FB00F4 /* Workout_DiarySecondViewController.m */ = {isa = PBXFileReference; lastKnownFileType = sourcecode.c.objc; path = Workout_DiarySecondViewController.m; sourceTree = "<group>"; };
		1A5A64E01A0B389700FB00F4 /* Images.xcassets */ = {isa = PBXFileReference; lastKnownFileType = folder.assetcatalog; path = Images.xcassets; sourceTree = "<group>"; };
		1A5A64E61A0B389800FB00F4 /* WorkoutDiaryAppTests.xctest */ = {isa = PBXFileReference; explicitFileType = wrapper.cfbundle; includeInIndex = 0; path = WorkoutDiaryAppTests.xctest; sourceTree = BUILT_PRODUCTS_DIR; };
		1A5A64E71A0B389800FB00F4 /* XCTest.framework */ = {isa = PBXFileReference; lastKnownFileType = wrapper.framework; name = XCTest.framework; path = Library/Frameworks/XCTest.framework; sourceTree = DEVELOPER_DIR; };
		1A5A64EF1A0B389800FB00F4 /* WorkoutDiaryAppTests-Info.plist */ = {isa = PBXFileReference; lastKnownFileType = text.plist.xml; path = "WorkoutDiaryAppTests-Info.plist"; sourceTree = "<group>"; };
		1A5A64F11A0B389800FB00F4 /* en */ = {isa = PBXFileReference; lastKnownFileType = text.plist.strings; name = en; path = en.lproj/InfoPlist.strings; sourceTree = "<group>"; };
		1A5A64F31A0B389800FB00F4 /* WorkoutDiaryAppTests.m */ = {isa = PBXFileReference; lastKnownFileType = sourcecode.c.objc; path = WorkoutDiaryAppTests.m; sourceTree = "<group>"; };
/* End PBXFileReference section */

/* Begin PBXFrameworksBuildPhase section */
		1A5A64BF1A0B389700FB00F4 /* Frameworks */ = {
			isa = PBXFrameworksBuildPhase;
			buildActionMask = 2147483647;
			files = (
				1A5A64C81A0B389700FB00F4 /* CoreGraphics.framework in Frameworks */,
				1A5A64CA1A0B389700FB00F4 /* UIKit.framework in Frameworks */,
				1A5A64C61A0B389700FB00F4 /* Foundation.framework in Frameworks */,
			);
			runOnlyForDeploymentPostprocessing = 0;
		};
		1A5A64E31A0B389800FB00F4 /* Frameworks */ = {
			isa = PBXFrameworksBuildPhase;
			buildActionMask = 2147483647;
			files = (
				1A5A64E81A0B389800FB00F4 /* XCTest.framework in Frameworks */,
				1A5A64EA1A0B389800FB00F4 /* UIKit.framework in Frameworks */,
				1A5A64E91A0B389800FB00F4 /* Foundation.framework in Frameworks */,
			);
			runOnlyForDeploymentPostprocessing = 0;
		};
/* End PBXFrameworksBuildPhase section */

/* Begin PBXGroup section */
		1A5A64B91A0B389700FB00F4 = {
			isa = PBXGroup;
			children = (
				1A5A64CB1A0B389700FB00F4 /* WorkoutDiaryApp */,
				1A5A64ED1A0B389800FB00F4 /* WorkoutDiaryAppTests */,
				1A5A64C41A0B389700FB00F4 /* Frameworks */,
				1A5A64C31A0B389700FB00F4 /* Products */,
			);
			sourceTree = "<group>";
		};
		1A5A64C31A0B389700FB00F4 /* Products */ = {
			isa = PBXGroup;
			children = (
				1A5A64C21A0B389700FB00F4 /* WorkoutDiaryApp.app */,
				1A5A64E61A0B389800FB00F4 /* WorkoutDiaryAppTests.xctest */,
			);
			name = Products;
			sourceTree = "<group>";
		};
		1A5A64C41A0B389700FB00F4 /* Frameworks */ = {
			isa = PBXGroup;
			children = (
				1A5A64C51A0B389700FB00F4 /* Foundation.framework */,
				1A5A64C71A0B389700FB00F4 /* CoreGraphics.framework */,
				1A5A64C91A0B389700FB00F4 /* UIKit.framework */,
				1A5A64E71A0B389800FB00F4 /* XCTest.framework */,
			);
			name = Frameworks;
			sourceTree = "<group>";
		};
		1A5A64CB1A0B389700FB00F4 /* WorkoutDiaryApp */ = {
			isa = PBXGroup;
			children = (
				1A5A64D41A0B389700FB00F4 /* Workout_DiaryAppDelegate.h */,
				1A5A64D51A0B389700FB00F4 /* Workout_DiaryAppDelegate.m */,
				1A5A64D71A0B389700FB00F4 /* Main.storyboard */,
				1A5A64DA1A0B389700FB00F4 /* Workout_DiaryFirstViewController.h */,
				1A5A64DB1A0B389700FB00F4 /* Workout_DiaryFirstViewController.m */,
				1A5A64DD1A0B389700FB00F4 /* Workout_DiarySecondViewController.h */,
				1A5A64DE1A0B389700FB00F4 /* Workout_DiarySecondViewController.m */,
				1A5A64E01A0B389700FB00F4 /* Images.xcassets */,
				1A5A64CC1A0B389700FB00F4 /* Supporting Files */,
			);
			path = WorkoutDiaryApp;
			sourceTree = "<group>";
		};
		1A5A64CC1A0B389700FB00F4 /* Supporting Files */ = {
			isa = PBXGroup;
			children = (
				1A5A64CD1A0B389700FB00F4 /* WorkoutDiaryApp-Info.plist */,
				1A5A64CE1A0B389700FB00F4 /* InfoPlist.strings */,
				1A5A64D11A0B389700FB00F4 /* main.m */,
				1A5A64D31A0B389700FB00F4 /* WorkoutDiaryApp-Prefix.pch */,
			);
			name = "Supporting Files";
			sourceTree = "<group>";
		};
		1A5A64ED1A0B389800FB00F4 /* WorkoutDiaryAppTests */ = {
			isa = PBXGroup;
			children = (
				1A5A64F31A0B389800FB00F4 /* WorkoutDiaryAppTests.m */,
				1A5A64EE1A0B389800FB00F4 /* Supporting Files */,
			);
			path = WorkoutDiaryAppTests;
			sourceTree = "<group>";
		};
		1A5A64EE1A0B389800FB00F4 /* Supporting Files */ = {
			isa = PBXGroup;
			children = (
				1A5A64EF1A0B389800FB00F4 /* WorkoutDiaryAppTests-Info.plist */,
				1A5A64F01A0B389800FB00F4 /* InfoPlist.strings */,
			);
			name = "Supporting Files";
			sourceTree = "<group>";
		};
/* End PBXGroup section */

/* Begin PBXNativeTarget section */
		1A5A64C11A0B389700FB00F4 /* WorkoutDiaryApp */ = {
			isa = PBXNativeTarget;
			buildConfigurationList = 1A5A64F71A0B389800FB00F4 /* Build configuration list for PBXNativeTarget "WorkoutDiaryApp" */;
			buildPhases = (
				1A5A64BE1A0B389700FB00F4 /* Sources */,
				1A5A64BF1A0B389700FB00F4 /* Frameworks */,
				1A5A64C01A0B389700FB00F4 /* Resources */,
			);
			buildRules = (
			);
			dependencies = (
			);
			name = WorkoutDiaryApp;
			productName = WorkoutDiaryApp;
			productReference = 1A5A64C21A0B389700FB00F4 /* WorkoutDiaryApp.app */;
			productType = "com.apple.product-type.application";
		};
		1A5A64E51A0B389800FB00F4 /* WorkoutDiaryAppTests */ = {
			isa = PBXNativeTarget;
			buildConfigurationList = 1A5A64FA1A0B389800FB00F4 /* Build configuration list for PBXNativeTarget "WorkoutDiaryAppTests" */;
			buildPhases = (
				1A5A64E21A0B389800FB00F4 /* Sources */,
				1A5A64E31A0B389800FB00F4 /* Frameworks */,
				1A5A64E41A0B389800FB00F4 /* Resources */,
			);
			buildRules = (
			);
			dependencies = (
				1A5A64EC1A0B389800FB00F4 /* PBXTargetDependency */,
			);
			name = WorkoutDiaryAppTests;
			productName = WorkoutDiaryAppTests;
			productReference = 1A5A64E61A0B389800FB00F4 /* WorkoutDiaryAppTests.xctest */;
			productType = "com.apple.product-type.bundle.unit-test";
		};
/* End PBXNativeTarget section */

/* Begin PBXProject section */
		1A5A64BA1A0B389700FB00F4 /* Project object */ = {
			isa = PBXProject;
			attributes = {
				CLASSPREFIX = Workout.Diary;
				LastUpgradeCheck = 0510;
				ORGANIZATIONNAME = "Andrzej Skrodzki";
				TargetAttributes = {
					1A5A64E51A0B389800FB00F4 = {
						TestTargetID = 1A5A64C11A0B389700FB00F4;
					};
				};
			};
			buildConfigurationList = 1A5A64BD1A0B389700FB00F4 /* Build configuration list for PBXProject "WorkoutDiaryApp" */;
			compatibilityVersion = "Xcode 3.2";
			developmentRegion = English;
			hasScannedForEncodings = 0;
			knownRegions = (
				en,
				Base,
			);
			mainGroup = 1A5A64B91A0B389700FB00F4;
			productRefGroup = 1A5A64C31A0B389700FB00F4 /* Products */;
			projectDirPath = "";
			projectRoot = "";
			targets = (
				1A5A64C11A0B389700FB00F4 /* WorkoutDiaryApp */,
				1A5A64E51A0B389800FB00F4 /* WorkoutDiaryAppTests */,
			);
		};
/* End PBXProject section */

/* Begin PBXResourcesBuildPhase section */
		1A5A64C01A0B389700FB00F4 /* Resources */ = {
			isa = PBXResourcesBuildPhase;
			buildActionMask = 2147483647;
			files = (
				1A5A64E11A0B389700FB00F4 /* Images.xcassets in Resources */,
				1A5A64D01A0B389700FB00F4 /* InfoPlist.strings in Resources */,
				1A5A64D91A0B389700FB00F4 /* Main.storyboard in Resources */,
			);
			runOnlyForDeploymentPostprocessing = 0;
		};
		1A5A64E41A0B389800FB00F4 /* Resources */ = {
			isa = PBXResourcesBuildPhase;
			buildActionMask = 2147483647;
			files = (
				1A5A64F21A0B389800FB00F4 /* InfoPlist.strings in Resources */,
			);
			runOnlyForDeploymentPostprocessing = 0;
		};
/* End PBXResourcesBuildPhase section */

/* Begin PBXSourcesBuildPhase section */
		1A5A64BE1A0B389700FB00F4 /* Sources */ = {
			isa = PBXSourcesBuildPhase;
			buildActionMask = 2147483647;
			files = (
				1A5A64DF1A0B389700FB00F4 /* Workout_DiarySecondViewController.m in Sources */,
				1A5A64DC1A0B389700FB00F4 /* Workout_DiaryFirstViewController.m in Sources */,
				1A5A64D61A0B389700FB00F4 /* Workout_DiaryAppDelegate.m in Sources */,
				1A5A64D21A0B389700FB00F4 /* main.m in Sources */,
			);
			runOnlyForDeploymentPostprocessing = 0;
		};
		1A5A64E21A0B389800FB00F4 /* Sources */ = {
			isa = PBXSourcesBuildPhase;
			buildActionMask = 2147483647;
			files = (
				1A5A64F41A0B389800FB00F4 /* WorkoutDiaryAppTests.m in Sources */,
			);
			runOnlyForDeploymentPostprocessing = 0;
		};
/* End PBXSourcesBuildPhase section */

/* Begin PBXTargetDependency section */
		1A5A64EC1A0B389800FB00F4 /* PBXTargetDependency */ = {
			isa = PBXTargetDependency;
			target = 1A5A64C11A0B389700FB00F4 /* WorkoutDiaryApp */;
			targetProxy = 1A5A64EB1A0B389800FB00F4 /* PBXContainerItemProxy */;
		};
/* End PBXTargetDependency section */

/* Begin PBXVariantGroup section */
		1A5A64CE1A0B389700FB00F4 /* InfoPlist.strings */ = {
			isa = PBXVariantGroup;
			children = (
				1A5A64CF1A0B389700FB00F4 /* en */,
			);
			name = InfoPlist.strings;
			sourceTree = "<group>";
		};
		1A5A64D71A0B389700FB00F4 /* Main.storyboard */ = {
			isa = PBXVariantGroup;
			children = (
				1A5A64D81A0B389700FB00F4 /* Base */,
			);
			name = Main.storyboard;
			sourceTree = "<group>";
		};
		1A5A64F01A0B389800FB00F4 /* InfoPlist.strings */ = {
			isa = PBXVariantGroup;
			children = (
				1A5A64F11A0B389800FB00F4 /* en */,
			);
			name = InfoPlist.strings;
			sourceTree = "<group>";
		};
/* End PBXVariantGroup section */

/* Begin XCBuildConfiguration section */
		1A5A64F51A0B389800FB00F4 /* Debug */ = {
			isa = XCBuildConfiguration;
			buildSettings = {
				ALWAYS_SEARCH_USER_PATHS = NO;
				CLANG_CXX_LANGUAGE_STANDARD = "gnu++0x";
				CLANG_CXX_LIBRARY = "libc++";
				CLANG_ENABLE_MODULES = YES;
				CLANG_ENABLE_OBJC_ARC = YES;
				CLANG_WARN_BOOL_CONVERSION = YES;
				CLANG_WARN_CONSTANT_CONVERSION = YES;
				CLANG_WARN_DIRECT_OBJC_ISA_USAGE = YES_ERROR;
				CLANG_WARN_EMPTY_BODY = YES;
				CLANG_WARN_ENUM_CONVERSION = YES;
				CLANG_WARN_INT_CONVERSION = YES;
				CLANG_WARN_OBJC_ROOT_CLASS = YES_ERROR;
				CLANG_WARN__DUPLICATE_METHOD_MATCH = YES;
				"CODE_SIGN_IDENTITY[sdk=iphoneos*]" = "iPhone Developer";
				COPY_PHASE_STRIP = NO;
				GCC_C_LANGUAGE_STANDARD = gnu99;
				GCC_DYNAMIC_NO_PIC = NO;
				GCC_OPTIMIZATION_LEVEL = 0;
				GCC_PREPROCESSOR_DEFINITIONS = (
					"DEBUG=1",
					"$(inherited)",
				);
				GCC_SYMBOLS_PRIVATE_EXTERN = NO;
				GCC_WARN_64_TO_32_BIT_CONVERSION = YES;
				GCC_WARN_ABOUT_RETURN_TYPE = YES_ERROR;
				GCC_WARN_UNDECLARED_SELECTOR = YES;
				GCC_WARN_UNINITIALIZED_AUTOS = YES_AGGRESSIVE;
				GCC_WARN_UNUSED_FUNCTION = YES;
				GCC_WARN_UNUSED_VARIABLE = YES;
				IPHONEOS_DEPLOYMENT_TARGET = 7.1;
				ONLY_ACTIVE_ARCH = YES;
				SDKROOT = iphoneos;
			};
			name = Debug;
		};
		1A5A64F61A0B389800FB00F4 /* Release */ = {
			isa = XCBuildConfiguration;
			buildSettings = {
				ALWAYS_SEARCH_USER_PATHS = NO;
				CLANG_CXX_LANGUAGE_STANDARD = "gnu++0x";
				CLANG_CXX_LIBRARY = "libc++";
				CLANG_ENABLE_MODULES = YES;
				CLANG_ENABLE_OBJC_ARC = YES;
				CLANG_WARN_BOOL_CONVERSION = YES;
				CLANG_WARN_CONSTANT_CONVERSION = YES;
				CLANG_WARN_DIRECT_OBJC_ISA_USAGE = YES_ERROR;
				CLANG_WARN_EMPTY_BODY = YES;
				CLANG_WARN_ENUM_CONVERSION = YES;
				CLANG_WARN_INT_CONVERSION = YES;
				CLANG_WARN_OBJC_ROOT_CLASS = YES_ERROR;
				CLANG_WARN__DUPLICATE_METHOD_MATCH = YES;
				"CODE_SIGN_IDENTITY[sdk=iphoneos*]" = "iPhone Developer";
				COPY_PHASE_STRIP = YES;
				ENABLE_NS_ASSERTIONS = NO;
				GCC_C_LANGUAGE_STANDARD = gnu99;
				GCC_WARN_64_TO_32_BIT_CONVERSION = YES;
				GCC_WARN_ABOUT_RETURN_TYPE = YES_ERROR;
				GCC_WARN_UNDECLARED_SELECTOR = YES;
				GCC_WARN_UNINITIALIZED_AUTOS = YES_AGGRESSIVE;
				GCC_WARN_UNUSED_FUNCTION = YES;
				GCC_WARN_UNUSED_VARIABLE = YES;
				IPHONEOS_DEPLOYMENT_TARGET = 7.1;
				SDKROOT = iphoneos;
				VALIDATE_PRODUCT = YES;
			};
			name = Release;
		};
		1A5A64F81A0B389800FB00F4 /* Debug */ = {
			isa = XCBuildConfiguration;
			buildSettings = {
				ASSETCATALOG_COMPILER_APPICON_NAME = AppIcon;
				ASSETCATALOG_COMPILER_LAUNCHIMAGE_NAME = LaunchImage;
				GCC_PRECOMPILE_PREFIX_HEADER = YES;
				GCC_PREFIX_HEADER = "WorkoutDiaryApp/WorkoutDiaryApp-Prefix.pch";
				INFOPLIST_FILE = "WorkoutDiaryApp/WorkoutDiaryApp-Info.plist";
				PRODUCT_NAME = "$(TARGET_NAME)";
				WRAPPER_EXTENSION = app;
			};
			name = Debug;
		};
		1A5A64F91A0B389800FB00F4 /* Release */ = {
			isa = XCBuildConfiguration;
			buildSettings = {
				ASSETCATALOG_COMPILER_APPICON_NAME = AppIcon;
				ASSETCATALOG_COMPILER_LAUNCHIMAGE_NAME = LaunchImage;
				GCC_PRECOMPILE_PREFIX_HEADER = YES;
				GCC_PREFIX_HEADER = "WorkoutDiaryApp/WorkoutDiaryApp-Prefix.pch";
				INFOPLIST_FILE = "WorkoutDiaryApp/WorkoutDiaryApp-Info.plist";
				PRODUCT_NAME = "$(TARGET_NAME)";
				WRAPPER_EXTENSION = app;
			};
			name = Release;
		};
		1A5A64FB1A0B389800FB00F4 /* Debug */ = {
			isa = XCBuildConfiguration;
			buildSettings = {
				BUNDLE_LOADER = "$(BUILT_PRODUCTS_DIR)/WorkoutDiaryApp.app/WorkoutDiaryApp";
				FRAMEWORK_SEARCH_PATHS = (
					"$(SDKROOT)/Developer/Library/Frameworks",
					"$(inherited)",
					"$(DEVELOPER_FRAMEWORKS_DIR)",
				);
				GCC_PRECOMPILE_PREFIX_HEADER = YES;
				GCC_PREFIX_HEADER = "WorkoutDiaryApp/WorkoutDiaryApp-Prefix.pch";
				GCC_PREPROCESSOR_DEFINITIONS = (
					"DEBUG=1",
					"$(inherited)",
				);
				INFOPLIST_FILE = "WorkoutDiaryAppTests/WorkoutDiaryAppTests-Info.plist";
				PRODUCT_NAME = "$(TARGET_NAME)";
				TEST_HOST = "$(BUNDLE_LOADER)";
				WRAPPER_EXTENSION = xctest;
			};
			name = Debug;
		};
		1A5A64FC1A0B389800FB00F4 /* Release */ = {
			isa = XCBuildConfiguration;
			buildSettings = {
				BUNDLE_LOADER = "$(BUILT_PRODUCTS_DIR)/WorkoutDiaryApp.app/WorkoutDiaryApp";
				FRAMEWORK_SEARCH_PATHS = (
					"$(SDKROOT)/Developer/Library/Frameworks",
					"$(inherited)",
					"$(DEVELOPER_FRAMEWORKS_DIR)",
				);
				GCC_PRECOMPILE_PREFIX_HEADER = YES;
				GCC_PREFIX_HEADER = "WorkoutDiaryApp/WorkoutDiaryApp-Prefix.pch";
				INFOPLIST_FILE = "WorkoutDiaryAppTests/WorkoutDiaryAppTests-Info.plist";
				PRODUCT_NAME = "$(TARGET_NAME)";
				TEST_HOST = "$(BUNDLE_LOADER)";
				WRAPPER_EXTENSION = xctest;
			};
			name = Release;
		};
/* End XCBuildConfiguration section */

/* Begin XCConfigurationList section */
		1A5A64BD1A0B389700FB00F4 /* Build configuration list for PBXProject "WorkoutDiaryApp" */ = {
			isa = XCConfigurationList;
			buildConfigurations = (
				1A5A64F51A0B389800FB00F4 /* Debug */,
				1A5A64F61A0B389800FB00F4 /* Release */,
			);
			defaultConfigurationIsVisible = 0;
			defaultConfigurationName = Release;
		};
		1A5A64F71A0B389800FB00F4 /* Build configuration list for PBXNativeTarget "WorkoutDiaryApp" */ = {
			isa = XCConfigurationList;
			buildConfigurations = (
				1A5A64F81A0B389800FB00F4 /* Debug */,
				1A5A64F91A0B389800FB00F4 /* Release */,
			);
			defaultConfigurationIsVisible = 0;
		};
		1A5A64FA1A0B389800FB00F4 /* Build configuration list for PBXNativeTarget "WorkoutDiaryAppTests" */ = {
			isa = XCConfigurationList;
			buildConfigurations = (
				1A5A64FB1A0B389800FB00F4 /* Debug */,
				1A5A64FC1A0B389800FB00F4 /* Release */,
			);
			defaultConfigurationIsVisible = 0;
		};
/* End XCConfigurationList section */
	};
	rootObject = 1A5A64BA1A0B389700FB00F4 /* Project object */;
}
